
Microsoft Visual Studio Solution File, Format Version 12.00
# Visual Studio Version 16
VisualStudioVersion = 16.0.33529.622
MinimumVisualStudioVersion = 10.0.40219.1
Project("{FAE04EC0-301F-11D3-BF4B-00C04F79EFBC}") = "DFDS_WebAPI", "DFDS_WebAPI\DFDS_WebAPI.csproj", "{5E9CF24F-5A39-43E6-A46E-7A0CF6D4CC24}"
EndProject
Global
	GlobalSection(SolutionConfigurationPlatforms) = preSolution
		Debug|Any CPU = Debug|Any CPU
		Release|Any CPU = Release|Any CPU
	EndGlobalSection
	GlobalSection(ProjectConfigurationPlatforms) = postSolution
		{5E9CF24F-5A39-43E6-A46E-7A0CF6D4CC24}.Debug|Any CPU.ActiveCfg = Debug|Any CPU
		{5E9CF24F-5A39-43E6-A46E-7A0CF6D4CC24}.Debug|Any CPU.Build.0 = Debug|Any CPU
		{5E9CF24F-5A39-43E6-A46E-7A0CF6D4CC24}.Release|Any CPU.ActiveCfg = Release|Any CPU
		{5E9CF24F-5A39-43E6-A46E-7A0CF6D4CC24}.Release|Any CPU.Build.0 = Release|Any CPU
	EndGlobalSection
	GlobalSection(SolutionProperties) = preSolution
		HideSolutionNode = FALSE
	EndGlobalSection
	GlobalSection(ExtensibilityGlobals) = postSolution
		SolutionGuid = {948D548D-CAE6-4330-B9C7-75393F9CCB72}
	EndGlobalSection
EndGlobal
